# This file is autogenerated, do not edit; changes may be undone by the next 'dep ensure'.


[[projects]]
  branch = "master"
  name = "github.com/asergeyev/nradix"
  packages = ["."]
  revision = "3872ab85bb568d5400c3f53ac4d903744b2c8ea9"

[[projects]]
  name = "github.com/aws/aws-sdk-go"
  packages = ["aws","aws/awserr","aws/awsutil","aws/client","aws/client/metadata","aws/corehandlers","aws/credentials","aws/credentials/ec2rolecreds","aws/credentials/endpointcreds","aws/credentials/stscreds","aws/defaults","aws/ec2metadata","aws/endpoints","aws/request","aws/session","aws/signer/v4","internal/shareddefaults","private/protocol","private/protocol/json/jsonutil","private/protocol/jsonrpc","private/protocol/query","private/protocol/query/queryutil","private/protocol/rest","private/protocol/xml/xmlutil","service/cloudwatchlogs","service/sts"]
  revision = "f426770fd5a4bae6186b280d4af7dca83a4cdef4"
  version = "v1.12.17"

[[projects]]
  name = "github.com/go-ini/ini"
  packages = ["."]
  revision = "5b3e00af70a9484542169a976dcab8d03e601a17"
  version = "v1.30.0"

[[projects]]
  name = "github.com/jmespath/go-jmespath"
  packages = ["."]
  revision = "0b12d6b5"

[[projects]]
  name = "github.com/paulbellamy/ratecounter"
  packages = ["."]
  revision = "524851a93235ac051e3540563ed7909357fe24ab"
  version = "v0.2.0"

[[projects]]
  name = "github.com/reedobrien/cowl"
  packages = ["."]
  revision = "c965be2fef35a3aeb23b214034fc9c7e35dac400"
  version = "0.2.3"

[[projects]]
  branch = "master"
  name = "github.com/reedobrien/rbp"
  packages = ["."]
  revision = "8d545a64bed8322f557288418ed0b3701c1b741c"

[[projects]]
  name = "github.com/rs/zerolog"
  packages = [".","internal/json","log"]
  revision = "3ac71fc58dbd43122668a912b755b0979ba9ce1f"
  version = "v1.3.0"

[[projects]]
  branch = "master"
  name = "github.com/xeipuuv/gojsonpointer"
  packages = ["."]
  revision = "6fe8760cad3569743d51ddbb243b26f8456742dc"

[[projects]]
  branch = "master"
  name = "github.com/xeipuuv/gojsonreference"
  packages = ["."]
  revision = "e02fc20de94c78484cd5ffb007f8af96be030a45"

[[projects]]
  branch = "master"
  name = "github.com/xeipuuv/gojsonschema"
  packages = ["."]
  revision = "212d8a0df7acfab8bdd190a7a69f0ab7376edcc8"

[[projects]]
  branch = "master"
  name = "golang.org/x/net"
  packages = ["idna","publicsuffix"]
  revision = "4b14673ba32bee7f5ac0f990a48f033919fd418b"

[[projects]]
  branch = "master"
  name = "golang.org/x/text"
  packages = ["collate","collate/build","internal/colltab","internal/gen","internal/tag","internal/triegen","internal/ucd","language","secure/bidirule","transform","unicode/bidi","unicode/cldr","unicode/norm","unicode/rangetable"]
  revision = "6eab0e8f74e86c598ec3b6fad4888e0c11482d48"

[[projects]]
  name = "gopkg.in/h2non/baloo.v3"
  packages = [".","assert"]
  revision = "bcac7e061d45d1443121ab1868b8907c0d233f38"
  version = "v3.0.0"

[[projects]]
  name = "gopkg.in/h2non/gentleman.v2"
  packages = [".","context","middleware","mux","plugin","plugins/body","plugins/bodytype","plugins/cookies","plugins/headers","plugins/multipart","plugins/query","plugins/url","utils"]
  revision = "e0f81be2f4064ea7aa7470e9daddd2dc8e8152c7"
  version = "v2.0.3"

[solve-meta]
  analyzer-name = "dep"
  analyzer-version = 1
  inputs-digest = "cfbec63c624fae472c5fac25f72c168d2b7972ff8b4338e68e4c6d7f15e8a1be"
  solver-name = "gps-cdcl"
  solver-version = 1
